github.com/halogenica/beautifulhugo v0.0.0-20240903032548-fd74af48c3bb h1:zAPDYl02Y17VofJRue30Lw47wxzyyGvPxUmTC602zQg=
github.com/halogenica/beautifulhugo v0.0.0-20240903032548-fd74af48c3bb/go.mod h1:4dwHt6njigk+fr9W3Bg+OflL4LKzkjbXAULXvr3mYLs=
github.com/hugomods/mermaid v0.1.4 h1:/u0FZRSBMpqTbDh4XPBL7c6p0DUjvIkoo9cC89GASSI=
github.com/hugomods/mermaid v0.1.4/go.mod h1:GOID2Ko1vdrX03ZMaFNQL/vdTU1tZmGcVjOgBN8O42Y=
